
Microsoft Visual Studio Solution File, Format Version 12.00
# Visual Studio Version 16
VisualStudioVersion = 16.0.31321.278
MinimumVisualStudioVersion = 10.0.40219.1
Project("{9A19103F-16F7-4668-BE54-9A1E7A4F7556}") = "TheCuriousReaderTests", "TheCuriousReaderTests.csproj", "{EDBCE711-6729-4A39-AD4B-A04A0D86DBE9}"
EndProject
Global
	GlobalSection(SolutionConfigurationPlatforms) = preSolution
		Debug|Any CPU = Debug|Any CPU
		Release|Any CPU = Release|Any CPU
	EndGlobalSection
	GlobalSection(ProjectConfigurationPlatforms) = postSolution
		{EDBCE711-6729-4A39-AD4B-A04A0D86DBE9}.Debug|Any CPU.ActiveCfg = Debug|Any CPU
		{EDBCE711-6729-4A39-AD4B-A04A0D86DBE9}.Debug|Any CPU.Build.0 = Debug|Any CPU
		{EDBCE711-6729-4A39-AD4B-A04A0D86DBE9}.Release|Any CPU.ActiveCfg = Release|Any CPU
		{EDBCE711-6729-4A39-AD4B-A04A0D86DBE9}.Release|Any CPU.Build.0 = Release|Any CPU
	EndGlobalSection
	GlobalSection(SolutionProperties) = preSolution
		HideSolutionNode = FALSE
	EndGlobalSection
	GlobalSection(ExtensibilityGlobals) = postSolution
		SolutionGuid = {7F65D292-2435-4809-8240-99BC2A123542}
	EndGlobalSection
EndGlobal
